# THIS IS AN AUTOGENERATED FILE. DO NOT EDIT THIS FILE DIRECTLY.
# yarn lockfile v1


portinari@^0.0.1:
  version "0.0.1"
  resolved "https://registry.yarnpkg.com/portinari/-/portinari-0.0.1.tgz#79649e7678894392aee327844e36609c68ff2250"
  integrity sha512-q9biUIM3IomipZ3GMO0VvC+S+cPY12qV7l8TeQNLj0bVpenTT1aRlJSKNQVT0YcXCZe0lEEfhQPbxdIm9pCEoQ==
